Microsoft Visual Studio Solution File, Format Version 12.00
# Visual Studio 2012
Project("{FAE04EC0-301F-11D3-BF4B-00C04F79EFBC}") = "Godot 4 Pjt", "Godot 4 Pjt.csproj", "{EDE27FA6-C6B2-47CB-A342-73E65158DEEB}"
EndProject
Global
	GlobalSection(SolutionConfigurationPlatforms) = preSolution
	Debug|Any CPU = Debug|Any CPU
	ExportDebug|Any CPU = ExportDebug|Any CPU
	ExportRelease|Any CPU = ExportRelease|Any CPU
	EndGlobalSection
	GlobalSection(ProjectConfigurationPlatforms) = postSolution
		{EDE27FA6-C6B2-47CB-A342-73E65158DEEB}.Debug|Any CPU.ActiveCfg = Debug|Any CPU
		{EDE27FA6-C6B2-47CB-A342-73E65158DEEB}.Debug|Any CPU.Build.0 = Debug|Any CPU
		{EDE27FA6-C6B2-47CB-A342-73E65158DEEB}.ExportDebug|Any CPU.ActiveCfg = ExportDebug|Any CPU
		{EDE27FA6-C6B2-47CB-A342-73E65158DEEB}.ExportDebug|Any CPU.Build.0 = ExportDebug|Any CPU
		{EDE27FA6-C6B2-47CB-A342-73E65158DEEB}.ExportRelease|Any CPU.ActiveCfg = ExportRelease|Any CPU
		{EDE27FA6-C6B2-47CB-A342-73E65158DEEB}.ExportRelease|Any CPU.Build.0 = ExportRelease|Any CPU
	EndGlobalSection
EndGlobal
